// !$*UTF8*$!
{
	archiveVersion = 1;
	classes = {
	};
	objectVersion = 77;
	objects = {

/* Begin PBXBuildFile section */
		860308212EAE82D00023EA7B /* StoreKit.framework in Frameworks */ = {isa = PBXBuildFile; fileRef = 860308202EAE82D00023EA7B /* StoreKit.framework */; };
		86158EAD2EACDAA400064CAA /* ReceiptParser in Frameworks */ = {isa = PBXBuildFile; productRef = 86158EAC2EACDAA400064CAA /* ReceiptParser */; };
		86158EAF2EACDAA400064CAA /* RevenueCat in Frameworks */ = {isa = PBXBuildFile; productRef = 86158EAE2EACDAA400064CAA /* RevenueCat */; };
		86158EB12EACDAA400064CAC /* RevenueCatUI in Frameworks */ = {isa = PBXBuildFile; productRef = 86158EB02EACDAA400064CAB /* RevenueCatUI */; };
		8631B50A2ECA305300EBACD6 /* OpenAISwift in Frameworks */ = {isa = PBXBuildFile; productRef = 8631B5092ECA305300EBACD6 /* OpenAISwift */; };
		86B269AF2EAA5E2D00A4EC93 /* Auth in Frameworks */ = {isa = PBXBuildFile; productRef = 86B269AE2EAA5E2D00A4EC93 /* Auth */; };
		86B269B12EAA5E2D00A4EC93 /* Functions in Frameworks */ = {isa = PBXBuildFile; productRef = 86B269B02EAA5E2D00A4EC93 /* Functions */; };
		86B269B32EAA5E2D00A4EC93 /* PostgREST in Frameworks */ = {isa = PBXBuildFile; productRef = 86B269B22EAA5E2D00A4EC93 /* PostgREST */; };
		86B269B52EAA5E2D00A4EC93 /* Realtime in Frameworks */ = {isa = PBXBuildFile; productRef = 86B269B42EAA5E2D00A4EC93 /* Realtime */; };
		86B269B72EAA5E2D00A4EC93 /* Storage in Frameworks */ = {isa = PBXBuildFile; productRef = 86B269B62EAA5E2D00A4EC93 /* Storage */; };
		86B269BA2EAA5E3900A4EC93 /* Supabase in Frameworks */ = {isa = PBXBuildFile; productRef = 86B269B92EAA5E3900A4EC93 /* Supabase */; };
		86D759BB2EDC536B00CE3755 /* Stripe in Frameworks */ = {isa = PBXBuildFile; productRef = 86D759BA2EDC536B00CE3755 /* Stripe */; };
		86D759BD2EDC536B00CE3755 /* StripeApplePay in Frameworks */ = {isa = PBXBuildFile; productRef = 86D759BC2EDC536B00CE3755 /* StripeApplePay */; };
		86D759BF2EDC536B00CE3755 /* StripeCardScan in Frameworks */ = {isa = PBXBuildFile; productRef = 86D759BE2EDC536B00CE3755 /* StripeCardScan */; };
		86D759C12EDC536B00CE3755 /* StripeConnect in Frameworks */ = {isa = PBXBuildFile; productRef = 86D759C02EDC536B00CE3755 /* StripeConnect */; };
		86D759C32EDC536B00CE3755 /* StripeFinancialConnections in Frameworks */ = {isa = PBXBuildFile; productRef = 86D759C22EDC536B00CE3755 /* StripeFinancialConnections */; };
		86D759CB2EDC5BC300CE3755 /* StripePaymentSheet in Frameworks */ = {isa = PBXBuildFile; productRef = 86D759CA2EDC5BC300CE3755 /* StripePaymentSheet */; };
/* End PBXBuildFile section */

/* Begin PBXFileReference section */
		860308202EAE82D00023EA7B /* StoreKit.framework */ = {isa = PBXFileReference; lastKnownFileType = wrapper.framework; name = StoreKit.framework; path = System/Library/Frameworks/StoreKit.framework; sourceTree = SDKROOT; };
		86030F342EB75F430023EA7B /* WidgetKit.framework */ = {isa = PBXFileReference; lastKnownFileType = wrapper.framework; name = WidgetKit.framework; path = System/Library/Frameworks/WidgetKit.framework; sourceTree = SDKROOT; };
		86030F362EB75F430023EA7B /* SwiftUI.framework */ = {isa = PBXFileReference; lastKnownFileType = wrapper.framework; name = SwiftUI.framework; path = System/Library/Frameworks/SwiftUI.framework; sourceTree = SDKROOT; };
		8631B4FA2EBDEDEE00EBACD6 /* AppTrackingTransparency.framework */ = {isa = PBXFileReference; lastKnownFileType = wrapper.framework; name = AppTrackingTransparency.framework; path = System/Library/Frameworks/AppTrackingTransparency.framework; sourceTree = SDKROOT; };
		86B269892EAA2EBB00A4EC93 /* Up&Down.app */ = {isa = PBXFileReference; explicitFileType = wrapper.application; includeInIndex = 0; path = "Up&Down.app"; sourceTree = BUILT_PRODUCTS_DIR; };
/* End PBXFileReference section */

/* Begin PBXFileSystemSynchronizedBuildFileExceptionSet section */
		86B26C4E2EAAAB3100A4EC93 /* Exceptions for "riktiga" folder in "Up&Down" target */ = {
			isa = PBXFileSystemSynchronizedBuildFileExceptionSet;
			membershipExceptions = (
				Info.plist,
			);
			target = 86B269882EAA2EBB00A4EC93 /* Up&Down */;
		};
/* End PBXFileSystemSynchronizedBuildFileExceptionSet section */

/* Begin PBXFileSystemSynchronizedRootGroup section */
		86B2698B2EAA2EBB00A4EC93 /* riktiga */ = {
			isa = PBXFileSystemSynchronizedRootGroup;
			exceptions = (
				86B26C4E2EAAAB3100A4EC93 /* Exceptions for "riktiga" folder in "Up&Down" target */,
			);
			path = riktiga;
			sourceTree = "<group>";
		};
/* End PBXFileSystemSynchronizedRootGroup section */

/* Begin PBXFrameworksBuildPhase section */
		86B269862EAA2EBB00A4EC93 /* Frameworks */ = {
			isa = PBXFrameworksBuildPhase;
			buildActionMask = 2147483647;
			files = (
				86D759BF2EDC536B00CE3755 /* StripeCardScan in Frameworks */,
				8631B50A2ECA305300EBACD6 /* OpenAISwift in Frameworks */,
				86B269B32EAA5E2D00A4EC93 /* PostgREST in Frameworks */,
				86B269B12EAA5E2D00A4EC93 /* Functions in Frameworks */,
				86D759C12EDC536B00CE3755 /* StripeConnect in Frameworks */,
				86B269BA2EAA5E3900A4EC93 /* Supabase in Frameworks */,
				86158EAD2EACDAA400064CAA /* ReceiptParser in Frameworks */,
				86D759BB2EDC536B00CE3755 /* Stripe in Frameworks */,
				86D759CB2EDC5BC300CE3755 /* StripePaymentSheet in Frameworks */,
				86158EAF2EACDAA400064CAA /* RevenueCat in Frameworks */,
				86D759C32EDC536B00CE3755 /* StripeFinancialConnections in Frameworks */,
				86D759BD2EDC536B00CE3755 /* StripeApplePay in Frameworks */,
				86158EB12EACDAA400064CAC /* RevenueCatUI in Frameworks */,
				86B269AF2EAA5E2D00A4EC93 /* Auth in Frameworks */,
				860308212EAE82D00023EA7B /* StoreKit.framework in Frameworks */,
				86B269B72EAA5E2D00A4EC93 /* Storage in Frameworks */,
				86B269B52EAA5E2D00A4EC93 /* Realtime in Frameworks */,
			);
			runOnlyForDeploymentPostprocessing = 0;
		};
/* End PBXFrameworksBuildPhase section */

/* Begin PBXGroup section */
		86B269802EAA2EBB00A4EC93 = {
			isa = PBXGroup;
			children = (
				86B2698B2EAA2EBB00A4EC93 /* riktiga */,
				86B269B82EAA5E3900A4EC93 /* Frameworks */,
				86B2698A2EAA2EBB00A4EC93 /* Products */,
			);
			sourceTree = "<group>";
		};
		86B2698A2EAA2EBB00A4EC93 /* Products */ = {
			isa = PBXGroup;
			children = (
				86B269892EAA2EBB00A4EC93 /* Up&Down.app */,
			);
			name = Products;
			sourceTree = "<group>";
		};
		86B269B82EAA5E3900A4EC93 /* Frameworks */ = {
			isa = PBXGroup;
			children = (
				8631B4FA2EBDEDEE00EBACD6 /* AppTrackingTransparency.framework */,
				860308202EAE82D00023EA7B /* StoreKit.framework */,
				86030F342EB75F430023EA7B /* WidgetKit.framework */,
				86030F362EB75F430023EA7B /* SwiftUI.framework */,
			);
			name = Frameworks;
			sourceTree = "<group>";
		};
/* End PBXGroup section */

/* Begin PBXNativeTarget section */
		86B269882EAA2EBB00A4EC93 /* Up&Down */ = {
			isa = PBXNativeTarget;
			buildConfigurationList = 86B269942EAA2EBC00A4EC93 /* Build configuration list for PBXNativeTarget "Up&Down" */;
			buildPhases = (
				86B269852EAA2EBB00A4EC93 /* Sources */,
				86B269862EAA2EBB00A4EC93 /* Frameworks */,
				86B269872EAA2EBB00A4EC93 /* Resources */,
			);
			buildRules = (
			);
			dependencies = (
			);
			fileSystemSynchronizedGroups = (
				86B2698B2EAA2EBB00A4EC93 /* riktiga */,
			);
			name = "Up&Down";
			packageProductDependencies = (
				86B269AE2EAA5E2D00A4EC93 /* Auth */,
				86B269B02EAA5E2D00A4EC93 /* Functions */,
				86B269B22EAA5E2D00A4EC93 /* PostgREST */,
				86B269B42EAA5E2D00A4EC93 /* Realtime */,
				86B269B62EAA5E2D00A4EC93 /* Storage */,
				86B269B92EAA5E3900A4EC93 /* Supabase */,
				86158EAC2EACDAA400064CAA /* ReceiptParser */,
				86158EAE2EACDAA400064CAA /* RevenueCat */,
				86158EB02EACDAA400064CAB /* RevenueCatUI */,
				8631B5092ECA305300EBACD6 /* OpenAISwift */,
				86D759BA2EDC536B00CE3755 /* Stripe */,
				86D759BC2EDC536B00CE3755 /* StripeApplePay */,
				86D759BE2EDC536B00CE3755 /* StripeCardScan */,
				86D759C02EDC536B00CE3755 /* StripeConnect */,
				86D759C22EDC536B00CE3755 /* StripeFinancialConnections */,
				86D759CA2EDC5BC300CE3755 /* StripePaymentSheet */,
			);
			productName = "Up&Down";
			productReference = 86B269892EAA2EBB00A4EC93 /* Up&Down.app */;
			productType = "com.apple.product-type.application";
		};
/* End PBXNativeTarget section */

/* Begin PBXProject section */
		86B269812EAA2EBB00A4EC93 /* Project object */ = {
			isa = PBXProject;
			attributes = {
				BuildIndependentTargetsInParallel = 1;
				LastSwiftUpdateCheck = 2600;
				LastUpgradeCheck = 2600;
				TargetAttributes = {
					86B269882EAA2EBB00A4EC93 = {
						CreatedOnToolsVersion = 26.0.1;
					};
				};
			};
			buildConfigurationList = 86B269842EAA2EBB00A4EC93 /* Build configuration list for PBXProject "Up&Down" */;
			developmentRegion = en;
			hasScannedForEncodings = 0;
			knownRegions = (
				en,
				Base,
			);
			mainGroup = 86B269802EAA2EBB00A4EC93;
			minimizedProjectReferenceProxies = 1;
			packageReferences = (
				86B269AD2EAA5E2D00A4EC93 /* XCRemoteSwiftPackageReference "supabase-swift" */,
				86158EAB2EACDAA400064CAA /* XCRemoteSwiftPackageReference "purchases-ios" */,
				8631B5082ECA305300EBACD6 /* XCRemoteSwiftPackageReference "openaiSwift" */,
				86D759B92EDC536B00CE3755 /* XCRemoteSwiftPackageReference "stripe-ios" */,
			);
			preferredProjectObjectVersion = 77;
			productRefGroup = 86B2698A2EAA2EBB00A4EC93 /* Products */;
			projectDirPath = "";
			projectRoot = "";
			targets = (
				86B269882EAA2EBB00A4EC93 /* Up&Down */,
			);
		};
/* End PBXProject section */

/* Begin PBXResourcesBuildPhase section */
		86B269872EAA2EBB00A4EC93 /* Resources */ = {
			isa = PBXResourcesBuildPhase;
			buildActionMask = 2147483647;
			files = (
			);
			runOnlyForDeploymentPostprocessing = 0;
		};
/* End PBXResourcesBuildPhase section */

/* Begin PBXSourcesBuildPhase section */
		86B269852EAA2EBB00A4EC93 /* Sources */ = {
			isa = PBXSourcesBuildPhase;
			buildActionMask = 2147483647;
			files = (
			);
			runOnlyForDeploymentPostprocessing = 0;
		};
/* End PBXSourcesBuildPhase section */

/* Begin XCBuildConfiguration section */
		86B269922EAA2EBC00A4EC93 /* Debug */ = {
			isa = XCBuildConfiguration;
			buildSettings = {
				ALWAYS_SEARCH_USER_PATHS = NO;
				ASSETCATALOG_COMPILER_GENERATE_SWIFT_ASSET_SYMBOL_EXTENSIONS = YES;
				CLANG_ANALYZER_NONNULL = YES;
				CLANG_ANALYZER_NUMBER_OBJECT_CONVERSION = YES_AGGRESSIVE;
				CLANG_CXX_LANGUAGE_STANDARD = "gnu++20";
				CLANG_ENABLE_MODULES = YES;
				CLANG_ENABLE_OBJC_ARC = YES;
				CLANG_ENABLE_OBJC_WEAK = YES;
				CLANG_WARN_BLOCK_CAPTURE_AUTORELEASING = YES;
				CLANG_WARN_BOOL_CONVERSION = YES;
				CLANG_WARN_COMMA = YES;
				CLANG_WARN_CONSTANT_CONVERSION = YES;
				CLANG_WARN_DEPRECATED_OBJC_IMPLEMENTATIONS = YES;
				CLANG_WARN_DIRECT_OBJC_ISA_USAGE = YES_ERROR;
				CLANG_WARN_DOCUMENTATION_COMMENTS = YES;
				CLANG_WARN_EMPTY_BODY = YES;
				CLANG_WARN_ENUM_CONVERSION = YES;
				CLANG_WARN_INFINITE_RECURSION = YES;
				CLANG_WARN_INT_CONVERSION = YES;
				CLANG_WARN_NON_LITERAL_NULL_CONVERSION = YES;
				CLANG_WARN_OBJC_IMPLICIT_RETAIN_SELF = YES;
				CLANG_WARN_OBJC_LITERAL_CONVERSION = YES;
				CLANG_WARN_OBJC_ROOT_CLASS = YES_ERROR;
				CLANG_WARN_QUOTED_INCLUDE_IN_FRAMEWORK_HEADER = YES;
				CLANG_WARN_RANGE_LOOP_ANALYSIS = YES;
				CLANG_WARN_STRICT_PROTOTYPES = YES;
				CLANG_WARN_SUSPICIOUS_MOVE = YES;
				CLANG_WARN_UNGUARDED_AVAILABILITY = YES_AGGRESSIVE;
				CLANG_WARN_UNREACHABLE_CODE = YES;
				CLANG_WARN__DUPLICATE_METHOD_MATCH = YES;
				COPY_PHASE_STRIP = NO;
				DEBUG_INFORMATION_FORMAT = dwarf;
				DEVELOPMENT_TEAM = NRPNN9U77T;
				ENABLE_STRICT_OBJC_MSGSEND = YES;
				ENABLE_TESTABILITY = YES;
				ENABLE_USER_SCRIPT_SANDBOXING = YES;
				GCC_C_LANGUAGE_STANDARD = gnu17;
				GCC_DYNAMIC_NO_PIC = NO;
				GCC_NO_COMMON_BLOCKS = YES;
				GCC_OPTIMIZATION_LEVEL = 0;
				GCC_PREPROCESSOR_DEFINITIONS = (
					"DEBUG=1",
					"$(inherited)",
				);
				GCC_WARN_64_TO_32_BIT_CONVERSION = YES;
				GCC_WARN_ABOUT_RETURN_TYPE = YES_ERROR;
				GCC_WARN_UNDECLARED_SELECTOR = YES;
				GCC_WARN_UNINITIALIZED_AUTOS = YES_AGGRESSIVE;
				GCC_WARN_UNUSED_FUNCTION = YES;
				GCC_WARN_UNUSED_VARIABLE = YES;
				IPHONEOS_DEPLOYMENT_TARGET = 17.0;
				LOCALIZATION_PREFERS_STRING_CATALOGS = YES;
				MTL_ENABLE_DEBUG_INFO = INCLUDE_SOURCE;
				MTL_FAST_MATH = YES;
				ONLY_ACTIVE_ARCH = YES;
				SDKROOT = iphoneos;
				SWIFT_ACTIVE_COMPILATION_CONDITIONS = "DEBUG $(inherited)";
				SWIFT_OPTIMIZATION_LEVEL = "-Onone";
			};
			name = Debug;
		};
		86B269932EAA2EBC00A4EC93 /* Release */ = {
			isa = XCBuildConfiguration;
			buildSettings = {
				ALWAYS_SEARCH_USER_PATHS = NO;
				ASSETCATALOG_COMPILER_GENERATE_SWIFT_ASSET_SYMBOL_EXTENSIONS = YES;
				CLANG_ANALYZER_NONNULL = YES;
				CLANG_ANALYZER_NUMBER_OBJECT_CONVERSION = YES_AGGRESSIVE;
				CLANG_CXX_LANGUAGE_STANDARD = "gnu++20";
				CLANG_ENABLE_MODULES = YES;
				CLANG_ENABLE_OBJC_ARC = YES;
				CLANG_ENABLE_OBJC_WEAK = YES;
				CLANG_WARN_BLOCK_CAPTURE_AUTORELEASING = YES;
				CLANG_WARN_BOOL_CONVERSION = YES;
				CLANG_WARN_COMMA = YES;
				CLANG_WARN_CONSTANT_CONVERSION = YES;
				CLANG_WARN_DEPRECATED_OBJC_IMPLEMENTATIONS = YES;
				CLANG_WARN_DIRECT_OBJC_ISA_USAGE = YES_ERROR;
				CLANG_WARN_DOCUMENTATION_COMMENTS = YES;
				CLANG_WARN_EMPTY_BODY = YES;
				CLANG_WARN_ENUM_CONVERSION = YES;
				CLANG_WARN_INFINITE_RECURSION = YES;
				CLANG_WARN_INT_CONVERSION = YES;
				CLANG_WARN_NON_LITERAL_NULL_CONVERSION = YES;
				CLANG_WARN_OBJC_IMPLICIT_RETAIN_SELF = YES;
				CLANG_WARN_OBJC_LITERAL_CONVERSION = YES;
				CLANG_WARN_OBJC_ROOT_CLASS = YES_ERROR;
				CLANG_WARN_QUOTED_INCLUDE_IN_FRAMEWORK_HEADER = YES;
				CLANG_WARN_RANGE_LOOP_ANALYSIS = YES;
				CLANG_WARN_STRICT_PROTOTYPES = YES;
				CLANG_WARN_SUSPICIOUS_MOVE = YES;
				CLANG_WARN_UNGUARDED_AVAILABILITY = YES_AGGRESSIVE;
				CLANG_WARN_UNREACHABLE_CODE = YES;
				CLANG_WARN__DUPLICATE_METHOD_MATCH = YES;
				COPY_PHASE_STRIP = NO;
				DEBUG_INFORMATION_FORMAT = "dwarf-with-dsym";
				DEVELOPMENT_TEAM = NRPNN9U77T;
				ENABLE_NS_ASSERTIONS = NO;
				ENABLE_STRICT_OBJC_MSGSEND = YES;
				ENABLE_USER_SCRIPT_SANDBOXING = YES;
				GCC_C_LANGUAGE_STANDARD = gnu17;
				GCC_NO_COMMON_BLOCKS = YES;
				GCC_WARN_64_TO_32_BIT_CONVERSION = YES;
				GCC_WARN_ABOUT_RETURN_TYPE = YES_ERROR;
				GCC_WARN_UNDECLARED_SELECTOR = YES;
				GCC_WARN_UNINITIALIZED_AUTOS = YES_AGGRESSIVE;
				GCC_WARN_UNUSED_FUNCTION = YES;
				GCC_WARN_UNUSED_VARIABLE = YES;
				IPHONEOS_DEPLOYMENT_TARGET = 17.0;
				LOCALIZATION_PREFERS_STRING_CATALOGS = YES;
				MTL_ENABLE_DEBUG_INFO = NO;
				MTL_FAST_MATH = YES;
				SDKROOT = iphoneos;
				SWIFT_COMPILATION_MODE = wholemodule;
				VALIDATE_PRODUCT = YES;
			};
			name = Release;
		};
		86B269952EAA2EBC00A4EC93 /* Debug */ = {
			isa = XCBuildConfiguration;
			buildSettings = {
				ASSETCATALOG_COMPILER_APPICON_NAME = AppIcon;
				ASSETCATALOG_COMPILER_GLOBAL_ACCENT_COLOR_NAME = AccentColor;
				CFBundleAllowMixedLocalizations = YES;
				CFBundleDevelopmentRegion = sv;
				CFBundleDisplayName = "Up&Down";
				CFBundleLocalizations = "sv en";
				CODE_SIGN_ENTITLEMENTS = riktiga/riktiga.entitlements;
				CODE_SIGN_IDENTITY = "Apple Development";
				CODE_SIGN_STYLE = Automatic;
				CURRENT_PROJECT_VERSION = 1;
				DEVELOPMENT_TEAM = NRPNN9U77T;
				ENABLE_PREVIEWS = YES;
				GENERATE_INFOPLIST_FILE = YES;
				INFOPLIST_FILE = riktiga/Info.plist;
				INFOPLIST_KEY_CFBundleDisplayName = "Up&Down";
				INFOPLIST_KEY_NSAppleMusicUsageDescription = "Denna app kan använda Apple Music för att spela musik under träningspass.";
				INFOPLIST_KEY_NSBluetoothAlwaysUsageDescription = "Denna app behöver tillgång till Bluetooth för att ansluta till träningsutrustning.";
				INFOPLIST_KEY_NSBluetoothPeripheralUsageDescription = "Denna app behöver tillgång till Bluetooth för att ansluta till träningsutrustning.";
				INFOPLIST_KEY_NSCameraUsageDescription = "Denna app behöver tillgång till kameran för att ta bilder på dina träningspass.";
				INFOPLIST_KEY_NSHealthShareUsageDescription = "Denna app kan dela hälsodata för att spåra dina träningspass.";
				INFOPLIST_KEY_NSHealthUpdateUsageDescription = "Denna app kan uppdatera hälsodata med information från dina träningspass.";
				INFOPLIST_KEY_NSLocalNetworkUsageDescription = "Denna app behöver tillgång till lokalt nätverk för att synkronisera träningsdata.";
				INFOPLIST_KEY_NSLocationAlwaysAndWhenInUseUsageDescription = "We need your location to track your workouts even when the app is in the background.";
				INFOPLIST_KEY_NSLocationAlwaysUsageDescription = "We need your location to track your workouts even when the app is in the background.";
				INFOPLIST_KEY_NSLocationUsageDescription = "Denna app behöver tillgång till din plats för att spåra dina träningspass.";
				INFOPLIST_KEY_NSLocationWhenInUseUsageDescription = "We need your location to track your workouts and provide accurate distance measurements.";
				INFOPLIST_KEY_NSMicrophoneUsageDescription = "Denna app behöver tillgång till mikrofonen för att spela in ljud under träningspass.";
				INFOPLIST_KEY_NSMotionUsageDescription = "Denna app kan använda motion data för att förbättra träningsspårningen.";
				INFOPLIST_KEY_NSPhotoLibraryUsageDescription = "Appen behöver åtkomst till ditt bildbibliotek för att välja en profilbild.";
				INFOPLIST_KEY_NSUserTrackingUsageDescription = "Vi ber om tillstånd att spåra så att vi kan förbättra upplevelsen och hålla koll på dina aktiviteter.";
				INFOPLIST_KEY_UIApplicationSceneManifest_Generation = YES;
				INFOPLIST_KEY_UIApplicationSupportsIndirectInputEvents = YES;
				INFOPLIST_KEY_UILaunchScreen_Generation = YES;
				INFOPLIST_KEY_UISupportedInterfaceOrientations_iPad = "UIInterfaceOrientationPortrait UIInterfaceOrientationPortraitUpsideDown UIInterfaceOrientationLandscapeLeft UIInterfaceOrientationLandscapeRight";
				INFOPLIST_KEY_UISupportedInterfaceOrientations_iPhone = "UIInterfaceOrientationPortrait UIInterfaceOrientationLandscapeLeft UIInterfaceOrientationLandscapeRight";
				LD_RUNPATH_SEARCH_PATHS = (
					"$(inherited)",
					"@executable_path/Frameworks",
				);
				MARKETING_VERSION = 73.0;
				NSAppleMusicUsageDescription = "Denna app kan använda Apple Music för att spela musik under träningspass.";
				NSBluetoothAlwaysUsageDescription = "Denna app behöver tillgång till Bluetooth för att ansluta till träningsutrustning.";
				NSBluetoothPeripheralUsageDescription = "Denna app behöver tillgång till Bluetooth för att ansluta till träningsutrustning.";
				NSCameraUsageDescription = "Denna app behöver tillgång till kameran för att ta bilder på dina träningspass.";
				NSHealthShareUsageDescription = "Denna app kan dela hälsodata för att spåra dina träningspass.";
				NSHealthUpdateUsageDescription = "Denna app kan uppdatera hälsodata med information från dina träningspass.";
				NSLocalNetworkUsageDescription = "Denna app behöver tillgång till lokalt nätverk för att synkronisera träningsdata.";
				NSLocationAlwaysAndWhenInUseUsageDescription = "Denna app behöver tillgång till din plats för att spåra dina träningspass även när appen är i bakgrunden.";
				NSLocationAlwaysUsageDescription = "Denna app behöver tillgång till din plats för att spåra dina träningspass även när appen är i bakgrunden.";
				NSLocationUsageDescription = "Denna app behöver tillgång till din plats för att spåra dina träningspass.";
				NSLocationWhenInUseUsageDescription = "Denna app behöver tillgång till din plats för att spåra dina träningspass och visa din position på kartan.";
				NSMicrophoneUsageDescription = "Denna app behöver tillgång till mikrofonen för att spela in ljud under träningspass.";
				NSMotionUsageDescription = "Denna app kan använda motion data för att förbättra träningsspårningen.";
				NSPhotoLibraryUsageDescription = "Denna app behöver tillgång till fotobiblioteket för att välja bilder till dina träningspass.";
				PRODUCT_BUNDLE_IDENTIFIER = roboreabapp.productions;
				PRODUCT_NAME = "$(TARGET_NAME)";
				PROVISIONING_PROFILE_SPECIFIER = "";
				STRING_CATALOG_GENERATE_SYMBOLS = YES;
				SUPPORTED_PLATFORMS = "iphoneos iphonesimulator";
				SUPPORTS_MACCATALYST = NO;
				SUPPORTS_MAC_DESIGNED_FOR_IPHONE_IPAD = NO;
				SUPPORTS_XR_DESIGNED_FOR_IPHONE_IPAD = NO;
				SWIFT_APPROACHABLE_CONCURRENCY = YES;
				SWIFT_DEFAULT_ACTOR_ISOLATION = MainActor;
				SWIFT_EMIT_LOC_STRINGS = YES;
				SWIFT_UPCOMING_FEATURE_MEMBER_IMPORT_VISIBILITY = YES;
				SWIFT_VERSION = 5.0;
				TARGETED_DEVICE_FAMILY = "1,2";
				UIBackgroundModes = location;
				UIRequiredDeviceCapabilities = "location-services accelerometer gyroscope camera bluetooth-le";
			};
			name = Debug;
		};
		86B269962EAA2EBC00A4EC93 /* Release */ = {
			isa = XCBuildConfiguration;
			buildSettings = {
				ASSETCATALOG_COMPILER_APPICON_NAME = AppIcon;
				ASSETCATALOG_COMPILER_GLOBAL_ACCENT_COLOR_NAME = AccentColor;
				CFBundleAllowMixedLocalizations = YES;
				CFBundleDevelopmentRegion = sv;
				CFBundleDisplayName = "Up&Down";
				CFBundleLocalizations = "sv en";
				CODE_SIGN_ENTITLEMENTS = riktiga/riktiga.entitlements;
				CODE_SIGN_IDENTITY = "Apple Development";
				CODE_SIGN_STYLE = Automatic;
				CURRENT_PROJECT_VERSION = 1;
				DEVELOPMENT_TEAM = NRPNN9U77T;
				ENABLE_PREVIEWS = YES;
				GENERATE_INFOPLIST_FILE = YES;
				INFOPLIST_FILE = riktiga/Info.plist;
				INFOPLIST_KEY_CFBundleDisplayName = "Up&Down";
				INFOPLIST_KEY_NSAppleMusicUsageDescription = "Denna app kan använda Apple Music för att spela musik under träningspass.";
				INFOPLIST_KEY_NSBluetoothAlwaysUsageDescription = "Denna app behöver tillgång till Bluetooth för att ansluta till träningsutrustning.";
				INFOPLIST_KEY_NSBluetoothPeripheralUsageDescription = "Denna app behöver tillgång till Bluetooth för att ansluta till träningsutrustning.";
				INFOPLIST_KEY_NSCameraUsageDescription = "Denna app behöver tillgång till kameran för att ta bilder på dina träningspass.";
				INFOPLIST_KEY_NSHealthShareUsageDescription = "Denna app kan dela hälsodata för att spåra dina träningspass.";
				INFOPLIST_KEY_NSHealthUpdateUsageDescription = "Denna app kan uppdatera hälsodata med information från dina träningspass.";
				INFOPLIST_KEY_NSLocalNetworkUsageDescription = "Denna app behöver tillgång till lokalt nätverk för att synkronisera träningsdata.";
				INFOPLIST_KEY_NSLocationAlwaysAndWhenInUseUsageDescription = "We need your location to track your workouts even when the app is in the background.";
				INFOPLIST_KEY_NSLocationAlwaysUsageDescription = "We need your location to track your workouts even when the app is in the background.";
				INFOPLIST_KEY_NSLocationUsageDescription = "Denna app behöver tillgång till din plats för att spåra dina träningspass.";
				INFOPLIST_KEY_NSLocationWhenInUseUsageDescription = "We need your location to track your workouts and provide accurate distance measurements.";
				INFOPLIST_KEY_NSMicrophoneUsageDescription = "Denna app behöver tillgång till mikrofonen för att spela in ljud under träningspass.";
				INFOPLIST_KEY_NSMotionUsageDescription = "Denna app kan använda motion data för att förbättra träningsspårningen.";
				INFOPLIST_KEY_NSPhotoLibraryUsageDescription = "Appen behöver åtkomst till ditt bildbibliotek för att välja en profilbild.";
				INFOPLIST_KEY_NSUserTrackingUsageDescription = "Vi ber om tillstånd att spåra så att vi kan förbättra upplevelsen och hålla koll på dina aktiviteter.";
				INFOPLIST_KEY_UIApplicationSceneManifest_Generation = YES;
				INFOPLIST_KEY_UIApplicationSupportsIndirectInputEvents = YES;
				INFOPLIST_KEY_UILaunchScreen_Generation = YES;
				INFOPLIST_KEY_UISupportedInterfaceOrientations_iPad = "UIInterfaceOrientationPortrait UIInterfaceOrientationPortraitUpsideDown UIInterfaceOrientationLandscapeLeft UIInterfaceOrientationLandscapeRight";
				INFOPLIST_KEY_UISupportedInterfaceOrientations_iPhone = "UIInterfaceOrientationPortrait UIInterfaceOrientationLandscapeLeft UIInterfaceOrientationLandscapeRight";
				LD_RUNPATH_SEARCH_PATHS = (
					"$(inherited)",
					"@executable_path/Frameworks",
				);
				MARKETING_VERSION = 73.0;
				NSAppleMusicUsageDescription = "Denna app kan använda Apple Music för att spela musik under träningspass.";
				NSBluetoothAlwaysUsageDescription = "Denna app behöver tillgång till Bluetooth för att ansluta till träningsutrustning.";
				NSBluetoothPeripheralUsageDescription = "Denna app behöver tillgång till Bluetooth för att ansluta till träningsutrustning.";
				NSCameraUsageDescription = "Denna app behöver tillgång till kameran för att ta bilder på dina träningspass.";
				NSHealthShareUsageDescription = "Denna app kan dela hälsodata för att spåra dina träningspass.";
				NSHealthUpdateUsageDescription = "Denna app kan uppdatera hälsodata med information från dina träningspass.";
				NSLocalNetworkUsageDescription = "Denna app behöver tillgång till lokalt nätverk för att synkronisera träningsdata.";
				NSLocationAlwaysAndWhenInUseUsageDescription = "Denna app behöver tillgång till din plats för att spåra dina träningspass även när appen är i bakgrunden.";
				NSLocationAlwaysUsageDescription = "Denna app behöver tillgång till din plats för att spåra dina träningspass även när appen är i bakgrunden.";
				NSLocationUsageDescription = "Denna app behöver tillgång till din plats för att spåra dina träningspass.";
				NSLocationWhenInUseUsageDescription = "Denna app behöver tillgång till din plats för att spåra dina träningspass och visa din position på kartan.";
				NSMicrophoneUsageDescription = "Denna app behöver tillgång till mikrofonen för att spela in ljud under träningspass.";
				NSMotionUsageDescription = "Denna app kan använda motion data för att förbättra träningsspårningen.";
				NSPhotoLibraryUsageDescription = "Denna app behöver tillgång till fotobiblioteket för att välja bilder till dina träningspass.";
				PRODUCT_BUNDLE_IDENTIFIER = roboreabapp.productions;
				PRODUCT_NAME = "$(TARGET_NAME)";
				PROVISIONING_PROFILE_SPECIFIER = "";
				STRING_CATALOG_GENERATE_SYMBOLS = YES;
				SUPPORTED_PLATFORMS = "iphoneos iphonesimulator";
				SUPPORTS_MACCATALYST = NO;
				SUPPORTS_MAC_DESIGNED_FOR_IPHONE_IPAD = NO;
				SUPPORTS_XR_DESIGNED_FOR_IPHONE_IPAD = NO;
				SWIFT_APPROACHABLE_CONCURRENCY = YES;
				SWIFT_DEFAULT_ACTOR_ISOLATION = MainActor;
				SWIFT_EMIT_LOC_STRINGS = YES;
				SWIFT_UPCOMING_FEATURE_MEMBER_IMPORT_VISIBILITY = YES;
				SWIFT_VERSION = 5.0;
				TARGETED_DEVICE_FAMILY = "1,2";
				UIBackgroundModes = location;
				UIRequiredDeviceCapabilities = "location-services accelerometer gyroscope camera bluetooth-le";
			};
			name = Release;
		};
/* End XCBuildConfiguration section */

/* Begin XCConfigurationList section */
		86B269842EAA2EBB00A4EC93 /* Build configuration list for PBXProject "Up&Down" */ = {
			isa = XCConfigurationList;
			buildConfigurations = (
				86B269922EAA2EBC00A4EC93 /* Debug */,
				86B269932EAA2EBC00A4EC93 /* Release */,
			);
			defaultConfigurationIsVisible = 0;
			defaultConfigurationName = Release;
		};
		86B269942EAA2EBC00A4EC93 /* Build configuration list for PBXNativeTarget "Up&Down" */ = {
			isa = XCConfigurationList;
			buildConfigurations = (
				86B269952EAA2EBC00A4EC93 /* Debug */,
				86B269962EAA2EBC00A4EC93 /* Release */,
			);
			defaultConfigurationIsVisible = 0;
			defaultConfigurationName = Release;
		};
/* End XCConfigurationList section */

/* Begin XCRemoteSwiftPackageReference section */
		86158EAB2EACDAA400064CAA /* XCRemoteSwiftPackageReference "purchases-ios" */ = {
			isa = XCRemoteSwiftPackageReference;
			repositoryURL = "https://github.com/RevenueCat/purchases-ios";
			requirement = {
				kind = upToNextMajorVersion;
				minimumVersion = 5.45.0;
			};
		};
		8631B5082ECA305300EBACD6 /* XCRemoteSwiftPackageReference "openaiSwift" */ = {
			isa = XCRemoteSwiftPackageReference;
			repositoryURL = "https://github.com/adamrushy/openaiSwift";
			requirement = {
				kind = upToNextMajorVersion;
				minimumVersion = 1.4.1;
			};
		};
		86B269AD2EAA5E2D00A4EC93 /* XCRemoteSwiftPackageReference "supabase-swift" */ = {
			isa = XCRemoteSwiftPackageReference;
			repositoryURL = "https://github.com/supabase/supabase-swift";
			requirement = {
				kind = upToNextMajorVersion;
				minimumVersion = 2.5.1;
			};
		};
		86D759B92EDC536B00CE3755 /* XCRemoteSwiftPackageReference "stripe-ios" */ = {
			isa = XCRemoteSwiftPackageReference;
			repositoryURL = "https://github.com/stripe/stripe-ios";
			requirement = {
				kind = upToNextMajorVersion;
				minimumVersion = 25.1.1;
			};
		};
/* End XCRemoteSwiftPackageReference section */

/* Begin XCSwiftPackageProductDependency section */
		86158EAC2EACDAA400064CAA /* ReceiptParser */ = {
			isa = XCSwiftPackageProductDependency;
			package = 86158EAB2EACDAA400064CAA /* XCRemoteSwiftPackageReference "purchases-ios" */;
			productName = ReceiptParser;
		};
		86158EAE2EACDAA400064CAA /* RevenueCat */ = {
			isa = XCSwiftPackageProductDependency;
			package = 86158EAB2EACDAA400064CAA /* XCRemoteSwiftPackageReference "purchases-ios" */;
			productName = RevenueCat;
		};
		86158EB02EACDAA400064CAB /* RevenueCatUI */ = {
			isa = XCSwiftPackageProductDependency;
			package = 86158EAB2EACDAA400064CAA /* XCRemoteSwiftPackageReference "purchases-ios" */;
			productName = RevenueCatUI;
		};
		8631B5092ECA305300EBACD6 /* OpenAISwift */ = {
			isa = XCSwiftPackageProductDependency;
			package = 8631B5082ECA305300EBACD6 /* XCRemoteSwiftPackageReference "openaiSwift" */;
			productName = OpenAISwift;
		};
		86B269AE2EAA5E2D00A4EC93 /* Auth */ = {
			isa = XCSwiftPackageProductDependency;
			package = 86B269AD2EAA5E2D00A4EC93 /* XCRemoteSwiftPackageReference "supabase-swift" */;
			productName = Auth;
		};
		86B269B02EAA5E2D00A4EC93 /* Functions */ = {
			isa = XCSwiftPackageProductDependency;
			package = 86B269AD2EAA5E2D00A4EC93 /* XCRemoteSwiftPackageReference "supabase-swift" */;
			productName = Functions;
		};
		86B269B22EAA5E2D00A4EC93 /* PostgREST */ = {
			isa = XCSwiftPackageProductDependency;
			package = 86B269AD2EAA5E2D00A4EC93 /* XCRemoteSwiftPackageReference "supabase-swift" */;
			productName = PostgREST;
		};
		86B269B42EAA5E2D00A4EC93 /* Realtime */ = {
			isa = XCSwiftPackageProductDependency;
			package = 86B269AD2EAA5E2D00A4EC93 /* XCRemoteSwiftPackageReference "supabase-swift" */;
			productName = Realtime;
		};
		86B269B62EAA5E2D00A4EC93 /* Storage */ = {
			isa = XCSwiftPackageProductDependency;
			package = 86B269AD2EAA5E2D00A4EC93 /* XCRemoteSwiftPackageReference "supabase-swift" */;
			productName = Storage;
		};
		86B269B92EAA5E3900A4EC93 /* Supabase */ = {
			isa = XCSwiftPackageProductDependency;
			package = 86B269AD2EAA5E2D00A4EC93 /* XCRemoteSwiftPackageReference "supabase-swift" */;
			productName = Supabase;
		};
		86D759BA2EDC536B00CE3755 /* Stripe */ = {
			isa = XCSwiftPackageProductDependency;
			package = 86D759B92EDC536B00CE3755 /* XCRemoteSwiftPackageReference "stripe-ios" */;
			productName = Stripe;
		};
		86D759BC2EDC536B00CE3755 /* StripeApplePay */ = {
			isa = XCSwiftPackageProductDependency;
			package = 86D759B92EDC536B00CE3755 /* XCRemoteSwiftPackageReference "stripe-ios" */;
			productName = StripeApplePay;
		};
		86D759BE2EDC536B00CE3755 /* StripeCardScan */ = {
			isa = XCSwiftPackageProductDependency;
			package = 86D759B92EDC536B00CE3755 /* XCRemoteSwiftPackageReference "stripe-ios" */;
			productName = StripeCardScan;
		};
		86D759C02EDC536B00CE3755 /* StripeConnect */ = {
			isa = XCSwiftPackageProductDependency;
			package = 86D759B92EDC536B00CE3755 /* XCRemoteSwiftPackageReference "stripe-ios" */;
			productName = StripeConnect;
		};
		86D759C22EDC536B00CE3755 /* StripeFinancialConnections */ = {
			isa = XCSwiftPackageProductDependency;
			package = 86D759B92EDC536B00CE3755 /* XCRemoteSwiftPackageReference "stripe-ios" */;
			productName = StripeFinancialConnections;
		};
		86D759CA2EDC5BC300CE3755 /* StripePaymentSheet */ = {
			isa = XCSwiftPackageProductDependency;
			package = 86D759B92EDC536B00CE3755 /* XCRemoteSwiftPackageReference "stripe-ios" */;
			productName = StripePaymentSheet;
		};
/* End XCSwiftPackageProductDependency section */
	};
	rootObject = 86B269812EAA2EBB00A4EC93 /* Project object */;
}
